PODS:
  - FormField (0.5.3)
  - Nimble (5.1.0)
  - Quick (0.10.0)

DEPENDENCIES:
  - FormField (from `../`)
  - Nimble
  - Quick

EXTERNAL SOURCES:
  FormField:
    :path: "../"

SPEC CHECKSUMS:
  FormField: f79cc1bf3209126b73bead684ececcd69f25cb98
  Nimble: 5ea121a2eda60440287054cde077fc0ad22227b3
  Quick: 5d290df1c69d5ee2f0729956dcf0fd9a30447eaa

PODFILE CHECKSUM: be34ec57b3bc3c6056fe84e10dcf8237ace1dd3e

COCOAPODS: 1.1.1
